
Microsoft Visual Studio Solution File, Format Version 12.00
# Visual Studio Version 16
VisualStudioVersion = 16.0.29411.108
MinimumVisualStudioVersion = 10.0.40219.1
Project("{FAE04EC0-301F-11D3-BF4B-00C04F79EFBC}") = "Gui", "Gui\Gui.csproj", "{0383C9FA-5CC4-41DB-B09C-4D8F4B9C8596}"
	ProjectSection(ProjectDependencies) = postProject
		{AA723AD7-5EE2-4D76-B7F3-781FB5E330AB} = {AA723AD7-5EE2-4D76-B7F3-781FB5E330AB}
	EndProjectSection
EndProject
Project("{FAE04EC0-301F-11D3-BF4B-00C04F79EFBC}") = "Logic", "Logic\Logic.csproj", "{971AB092-B412-46D6-9B88-78CEAD30936A}"
	ProjectSection(ProjectDependencies) = postProject
		{AA723AD7-5EE2-4D76-B7F3-781FB5E330AB} = {AA723AD7-5EE2-4D76-B7F3-781FB5E330AB}
	EndProjectSection
EndProject
Project("{FAE04EC0-301F-11D3-BF4B-00C04F79EFBC}") = "Data", "Data\Data.csproj", "{9C4DAC15-AFF1-4AED-B09A-6FFE052C92C3}"
	ProjectSection(ProjectDependencies) = postProject
		{AA723AD7-5EE2-4D76-B7F3-781FB5E330AB} = {AA723AD7-5EE2-4D76-B7F3-781FB5E330AB}
	EndProjectSection
EndProject
Project("{9A19103F-16F7-4668-BE54-9A1E7A4F7556}") = "SharedModels", "SharedModels\SharedModels.csproj", "{AA723AD7-5EE2-4D76-B7F3-781FB5E330AB}"
EndProject
Global
	GlobalSection(SolutionConfigurationPlatforms) = preSolution
		Debug|Any CPU = Debug|Any CPU
		Release|Any CPU = Release|Any CPU
	EndGlobalSection
	GlobalSection(ProjectConfigurationPlatforms) = postSolution
		{0383C9FA-5CC4-41DB-B09C-4D8F4B9C8596}.Debug|Any CPU.ActiveCfg = Debug|Any CPU
		{0383C9FA-5CC4-41DB-B09C-4D8F4B9C8596}.Debug|Any CPU.Build.0 = Debug|Any CPU
		{0383C9FA-5CC4-41DB-B09C-4D8F4B9C8596}.Release|Any CPU.ActiveCfg = Release|Any CPU
		{0383C9FA-5CC4-41DB-B09C-4D8F4B9C8596}.Release|Any CPU.Build.0 = Release|Any CPU
		{971AB092-B412-46D6-9B88-78CEAD30936A}.Debug|Any CPU.ActiveCfg = Debug|Any CPU
		{971AB092-B412-46D6-9B88-78CEAD30936A}.Debug|Any CPU.Build.0 = Debug|Any CPU
		{971AB092-B412-46D6-9B88-78CEAD30936A}.Release|Any CPU.ActiveCfg = Release|Any CPU
		{971AB092-B412-46D6-9B88-78CEAD30936A}.Release|Any CPU.Build.0 = Release|Any CPU
		{9C4DAC15-AFF1-4AED-B09A-6FFE052C92C3}.Debug|Any CPU.ActiveCfg = Debug|Any CPU
		{9C4DAC15-AFF1-4AED-B09A-6FFE052C92C3}.Debug|Any CPU.Build.0 = Debug|Any CPU
		{9C4DAC15-AFF1-4AED-B09A-6FFE052C92C3}.Release|Any CPU.ActiveCfg = Release|Any CPU
		{9C4DAC15-AFF1-4AED-B09A-6FFE052C92C3}.Release|Any CPU.Build.0 = Release|Any CPU
		{AA723AD7-5EE2-4D76-B7F3-781FB5E330AB}.Debug|Any CPU.ActiveCfg = Debug|Any CPU
		{AA723AD7-5EE2-4D76-B7F3-781FB5E330AB}.Debug|Any CPU.Build.0 = Debug|Any CPU
		{AA723AD7-5EE2-4D76-B7F3-781FB5E330AB}.Release|Any CPU.ActiveCfg = Release|Any CPU
		{AA723AD7-5EE2-4D76-B7F3-781FB5E330AB}.Release|Any CPU.Build.0 = Release|Any CPU
	EndGlobalSection
	GlobalSection(SolutionProperties) = preSolution
		HideSolutionNode = FALSE
	EndGlobalSection
	GlobalSection(ExtensibilityGlobals) = postSolution
		SolutionGuid = {BFC2398C-656F-46CA-BAF3-1EA7C527FBD5}
	EndGlobalSection
EndGlobal
